// !$*UTF8*$!
{
	archiveVersion = 1;
	classes = {
	};
	objectVersion = 46;
	objects = {

/* Begin PBXBuildFile section */
		299959791F36945B00647EF7 /* AppDelegate.swift in Sources */ = {isa = PBXBuildFile; fileRef = 299959781F36945B00647EF7 /* AppDelegate.swift */; };
		2999597B1F36945B00647EF7 /* ViewController.swift in Sources */ = {isa = PBXBuildFile; fileRef = 2999597A1F36945B00647EF7 /* ViewController.swift */; };
		2999597E1F36945B00647EF7 /* Main.storyboard in Resources */ = {isa = PBXBuildFile; fileRef = 2999597C1F36945B00647EF7 /* Main.storyboard */; };
		299959811F36945B00647EF7 /* SafeHairTransplant.xcdatamodeld in Sources */ = {isa = PBXBuildFile; fileRef = 2999597F1F36945B00647EF7 /* SafeHairTransplant.xcdatamodeld */; };
		299959831F36945B00647EF7 /* Assets.xcassets in Resources */ = {isa = PBXBuildFile; fileRef = 299959821F36945B00647EF7 /* Assets.xcassets */; };
		299959861F36945B00647EF7 /* LaunchScreen.storyboard in Resources */ = {isa = PBXBuildFile; fileRef = 299959841F36945B00647EF7 /* LaunchScreen.storyboard */; };
		299959911F36945B00647EF7 /* SafeHairTransplantTests.swift in Sources */ = {isa = PBXBuildFile; fileRef = 299959901F36945B00647EF7 /* SafeHairTransplantTests.swift */; };
		2999599C1F36945B00647EF7 /* SafeHairTransplantUITests.swift in Sources */ = {isa = PBXBuildFile; fileRef = 2999599B1F36945B00647EF7 /* SafeHairTransplantUITests.swift */; };
		299959AB1F36A42000647EF7 /* SafeHair.swift in Sources */ = {isa = PBXBuildFile; fileRef = 299959AA1F36A42000647EF7 /* SafeHair.swift */; };
		299959AE1F36AAAD00647EF7 /* Constants.swift in Sources */ = {isa = PBXBuildFile; fileRef = 299959AD1F36AAAD00647EF7 /* Constants.swift */; };
		2DB2C06809E57801F24A9A36 /* Pods_SafeHairTransplant.framework in Frameworks */ = {isa = PBXBuildFile; fileRef = 485458E6554A1339862C0571 /* Pods_SafeHairTransplant.framework */; };
		AAB21C5007D936D9CEC791B0 /* Pods_SafeHairTransplantUITests.framework in Frameworks */ = {isa = PBXBuildFile; fileRef = 1C77C4C44084635F97716B93 /* Pods_SafeHairTransplantUITests.framework */; };
		FBA84C0F89CEE375ADF91778 /* Pods_SafeHairTransplantTests.framework in Frameworks */ = {isa = PBXBuildFile; fileRef = 08A32846B0F69288DF7E66DD /* Pods_SafeHairTransplantTests.framework */; };
/* End PBXBuildFile section */

/* Begin PBXContainerItemProxy section */
		2999598D1F36945B00647EF7 /* PBXContainerItemProxy */ = {
			isa = PBXContainerItemProxy;
			containerPortal = 2999596D1F36945B00647EF7 /* Project object */;
			proxyType = 1;
			remoteGlobalIDString = 299959741F36945B00647EF7;
			remoteInfo = SafeHairTransplant;
		};
		299959981F36945B00647EF7 /* PBXContainerItemProxy */ = {
			isa = PBXContainerItemProxy;
			containerPortal = 2999596D1F36945B00647EF7 /* Project object */;
			proxyType = 1;
			remoteGlobalIDString = 299959741F36945B00647EF7;
			remoteInfo = SafeHairTransplant;
		};
/* End PBXContainerItemProxy section */

/* Begin PBXFileReference section */
		08A32846B0F69288DF7E66DD /* Pods_SafeHairTransplantTests.framework */ = {isa = PBXFileReference; explicitFileType = wrapper.framework; includeInIndex = 0; path = Pods_SafeHairTransplantTests.framework; sourceTree = BUILT_PRODUCTS_DIR; };
		1B1C7F0E1BD2EC2A78B17448 /* Pods-SafeHairTransplantUITests.debug.xcconfig */ = {isa = PBXFileReference; includeInIndex = 1; lastKnownFileType = text.xcconfig; name = "Pods-SafeHairTransplantUITests.debug.xcconfig"; path = "Pods/Target Support Files/Pods-SafeHairTransplantUITests/Pods-SafeHairTransplantUITests.debug.xcconfig"; sourceTree = "<group>"; };
		1C77C4C44084635F97716B93 /* Pods_SafeHairTransplantUITests.framework */ = {isa = PBXFileReference; explicitFileType = wrapper.framework; includeInIndex = 0; path = Pods_SafeHairTransplantUITests.framework; sourceTree = BUILT_PRODUCTS_DIR; };
		299959751F36945B00647EF7 /* SafeHairTransplant.app */ = {isa = PBXFileReference; explicitFileType = wrapper.application; includeInIndex = 0; path = SafeHairTransplant.app; sourceTree = BUILT_PRODUCTS_DIR; };
		299959781F36945B00647EF7 /* AppDelegate.swift */ = {isa = PBXFileReference; lastKnownFileType = sourcecode.swift; path = AppDelegate.swift; sourceTree = "<group>"; };
		2999597A1F36945B00647EF7 /* ViewController.swift */ = {isa = PBXFileReference; lastKnownFileType = sourcecode.swift; path = ViewController.swift; sourceTree = "<group>"; };
		2999597D1F36945B00647EF7 /* Base */ = {isa = PBXFileReference; lastKnownFileType = file.storyboard; name = Base; path = Base.lproj/Main.storyboard; sourceTree = "<group>"; };
		299959801F36945B00647EF7 /* SafeHairTransplant.xcdatamodel */ = {isa = PBXFileReference; lastKnownFileType = wrapper.xcdatamodel; path = SafeHairTransplant.xcdatamodel; sourceTree = "<group>"; };
		299959821F36945B00647EF7 /* Assets.xcassets */ = {isa = PBXFileReference; lastKnownFileType = folder.assetcatalog; path = Assets.xcassets; sourceTree = "<group>"; };
		299959851F36945B00647EF7 /* Base */ = {isa = PBXFileReference; lastKnownFileType = file.storyboard; name = Base; path = Base.lproj/LaunchScreen.storyboard; sourceTree = "<group>"; };
		299959871F36945B00647EF7 /* Info.plist */ = {isa = PBXFileReference; lastKnownFileType = text.plist.xml; path = Info.plist; sourceTree = "<group>"; };
		2999598C1F36945B00647EF7 /* SafeHairTransplantTests.xctest */ = {isa = PBXFileReference; explicitFileType = wrapper.cfbundle; includeInIndex = 0; path = SafeHairTransplantTests.xctest; sourceTree = BUILT_PRODUCTS_DIR; };
		299959901F36945B00647EF7 /* SafeHairTransplantTests.swift */ = {isa = PBXFileReference; lastKnownFileType = sourcecode.swift; path = SafeHairTransplantTests.swift; sourceTree = "<group>"; };
		299959921F36945B00647EF7 /* Info.plist */ = {isa = PBXFileReference; lastKnownFileType = text.plist.xml; path = Info.plist; sourceTree = "<group>"; };
		299959971F36945B00647EF7 /* SafeHairTransplantUITests.xctest */ = {isa = PBXFileReference; explicitFileType = wrapper.cfbundle; includeInIndex = 0; path = SafeHairTransplantUITests.xctest; sourceTree = BUILT_PRODUCTS_DIR; };
		2999599B1F36945B00647EF7 /* SafeHairTransplantUITests.swift */ = {isa = PBXFileReference; lastKnownFileType = sourcecode.swift; path = SafeHairTransplantUITests.swift; sourceTree = "<group>"; };
		2999599D1F36945B00647EF7 /* Info.plist */ = {isa = PBXFileReference; lastKnownFileType = text.plist.xml; path = Info.plist; sourceTree = "<group>"; };
		299959AA1F36A42000647EF7 /* SafeHair.swift */ = {isa = PBXFileReference; fileEncoding = 4; lastKnownFileType = sourcecode.swift; path = SafeHair.swift; sourceTree = "<group>"; };
		299959AD1F36AAAD00647EF7 /* Constants.swift */ = {isa = PBXFileReference; fileEncoding = 4; lastKnownFileType = sourcecode.swift; path = Constants.swift; sourceTree = "<group>"; };
		31B9D7471F05D5DDEE541A2D /* Pods-SafeHairTransplant.release.xcconfig */ = {isa = PBXFileReference; includeInIndex = 1; lastKnownFileType = text.xcconfig; name = "Pods-SafeHairTransplant.release.xcconfig"; path = "Pods/Target Support Files/Pods-SafeHairTransplant/Pods-SafeHairTransplant.release.xcconfig"; sourceTree = "<group>"; };
		485458E6554A1339862C0571 /* Pods_SafeHairTransplant.framework */ = {isa = PBXFileReference; explicitFileType = wrapper.framework; includeInIndex = 0; path = Pods_SafeHairTransplant.framework; sourceTree = BUILT_PRODUCTS_DIR; };
		4F310280060A23AC287B2273 /* Pods-SafeHairTransplantTests.release.xcconfig */ = {isa = PBXFileReference; includeInIndex = 1; lastKnownFileType = text.xcconfig; name = "Pods-SafeHairTransplantTests.release.xcconfig"; path = "Pods/Target Support Files/Pods-SafeHairTransplantTests/Pods-SafeHairTransplantTests.release.xcconfig"; sourceTree = "<group>"; };
		633D7702338C3C59A62D8635 /* Pods-SafeHairTransplantUITests.release.xcconfig */ = {isa = PBXFileReference; includeInIndex = 1; lastKnownFileType = text.xcconfig; name = "Pods-SafeHairTransplantUITests.release.xcconfig"; path = "Pods/Target Support Files/Pods-SafeHairTransplantUITests/Pods-SafeHairTransplantUITests.release.xcconfig"; sourceTree = "<group>"; };
		BCCCEDA9F1B9D43CDD54A3EC /* Pods-SafeHairTransplantTests.debug.xcconfig */ = {isa = PBXFileReference; includeInIndex = 1; lastKnownFileType = text.xcconfig; name = "Pods-SafeHairTransplantTests.debug.xcconfig"; path = "Pods/Target Support Files/Pods-SafeHairTransplantTests/Pods-SafeHairTransplantTests.debug.xcconfig"; sourceTree = "<group>"; };
		EE32F0BC49D903D7905A72EA /* Pods-SafeHairTransplant.debug.xcconfig */ = {isa = PBXFileReference; includeInIndex = 1; lastKnownFileType = text.xcconfig; name = "Pods-SafeHairTransplant.debug.xcconfig"; path = "Pods/Target Support Files/Pods-SafeHairTransplant/Pods-SafeHairTransplant.debug.xcconfig"; sourceTree = "<group>"; };
/* End PBXFileReference section */

/* Begin PBXFrameworksBuildPhase section */
		299959721F36945B00647EF7 /* Frameworks */ = {
			isa = PBXFrameworksBuildPhase;
			buildActionMask = 2147483647;
			files = (
				2DB2C06809E57801F24A9A36 /* Pods_SafeHairTransplant.framework in Frameworks */,
			);
			runOnlyForDeploymentPostprocessing = 0;
		};
		299959891F36945B00647EF7 /* Frameworks */ = {
			isa = PBXFrameworksBuildPhase;
			buildActionMask = 2147483647;
			files = (
				FBA84C0F89CEE375ADF91778 /* Pods_SafeHairTransplantTests.framework in Frameworks */,
			);
			runOnlyForDeploymentPostprocessing = 0;
		};
		299959941F36945B00647EF7 /* Frameworks */ = {
			isa = PBXFrameworksBuildPhase;
			buildActionMask = 2147483647;
			files = (
				AAB21C5007D936D9CEC791B0 /* Pods_SafeHairTransplantUITests.framework in Frameworks */,
			);
			runOnlyForDeploymentPostprocessing = 0;
		};
/* End PBXFrameworksBuildPhase section */

/* Begin PBXGroup section */
		2999596C1F36945B00647EF7 = {
			isa = PBXGroup;
			children = (
				299959771F36945B00647EF7 /* SafeHairTransplant */,
				2999598F1F36945B00647EF7 /* SafeHairTransplantTests */,
				2999599A1F36945B00647EF7 /* SafeHairTransplantUITests */,
				299959761F36945B00647EF7 /* Products */,
				7D4437686CAFEE14F08392E0 /* Pods */,
				888BBD3439CCABA3159B4B44 /* Frameworks */,
			);
			sourceTree = "<group>";
		};
		299959761F36945B00647EF7 /* Products */ = {
			isa = PBXGroup;
			children = (
				299959751F36945B00647EF7 /* SafeHairTransplant.app */,
				2999598C1F36945B00647EF7 /* SafeHairTransplantTests.xctest */,
				299959971F36945B00647EF7 /* SafeHairTransplantUITests.xctest */,
			);
			name = Products;
			sourceTree = "<group>";
		};
		299959771F36945B00647EF7 /* SafeHairTransplant */ = {
			isa = PBXGroup;
			children = (
				299959A91F36A3ED00647EF7 /* Model */,
				299959781F36945B00647EF7 /* AppDelegate.swift */,
				2999597A1F36945B00647EF7 /* ViewController.swift */,
				299959AC1F36AA8700647EF7 /* Utils */,
				2999597C1F36945B00647EF7 /* Main.storyboard */,
				299959821F36945B00647EF7 /* Assets.xcassets */,
				299959841F36945B00647EF7 /* LaunchScreen.storyboard */,
				299959871F36945B00647EF7 /* Info.plist */,
				2999597F1F36945B00647EF7 /* SafeHairTransplant.xcdatamodeld */,
			);
			path = SafeHairTransplant;
			sourceTree = "<group>";
		};
		2999598F1F36945B00647EF7 /* SafeHairTransplantTests */ = {
			isa = PBXGroup;
			children = (
				299959901F36945B00647EF7 /* SafeHairTransplantTests.swift */,
				299959921F36945B00647EF7 /* Info.plist */,
			);
			path = SafeHairTransplantTests;
			sourceTree = "<group>";
		};
		2999599A1F36945B00647EF7 /* SafeHairTransplantUITests */ = {
			isa = PBXGroup;
			children = (
				2999599B1F36945B00647EF7 /* SafeHairTransplantUITests.swift */,
				2999599D1F36945B00647EF7 /* Info.plist */,
			);
			path = SafeHairTransplantUITests;
			sourceTree = "<group>";
		};
		299959A91F36A3ED00647EF7 /* Model */ = {
			isa = PBXGroup;
			children = (
				299959AA1F36A42000647EF7 /* SafeHair.swift */,
			);
			name = Model;
			sourceTree = "<group>";
		};
		299959AC1F36AA8700647EF7 /* Utils */ = {
			isa = PBXGroup;
			children = (
				299959AD1F36AAAD00647EF7 /* Constants.swift */,
			);
			name = Utils;
			sourceTree = "<group>";
		};
		7D4437686CAFEE14F08392E0 /* Pods */ = {
			isa = PBXGroup;
			children = (
				EE32F0BC49D903D7905A72EA /* Pods-SafeHairTransplant.debug.xcconfig */,
				31B9D7471F05D5DDEE541A2D /* Pods-SafeHairTransplant.release.xcconfig */,
				BCCCEDA9F1B9D43CDD54A3EC /* Pods-SafeHairTransplantTests.debug.xcconfig */,
				4F310280060A23AC287B2273 /* Pods-SafeHairTransplantTests.release.xcconfig */,
				1B1C7F0E1BD2EC2A78B17448 /* Pods-SafeHairTransplantUITests.debug.xcconfig */,
				633D7702338C3C59A62D8635 /* Pods-SafeHairTransplantUITests.release.xcconfig */,
			);
			name = Pods;
			sourceTree = "<group>";
		};
		888BBD3439CCABA3159B4B44 /* Frameworks */ = {
			isa = PBXGroup;
			children = (
				485458E6554A1339862C0571 /* Pods_SafeHairTransplant.framework */,
				08A32846B0F69288DF7E66DD /* Pods_SafeHairTransplantTests.framework */,
				1C77C4C44084635F97716B93 /* Pods_SafeHairTransplantUITests.framework */,
			);
			name = Frameworks;
			sourceTree = "<group>";
		};
/* End PBXGroup section */

/* Begin PBXNativeTarget section */
		299959741F36945B00647EF7 /* SafeHairTransplant */ = {
			isa = PBXNativeTarget;
			buildConfigurationList = 299959A01F36945B00647EF7 /* Build configuration list for PBXNativeTarget "SafeHairTransplant" */;
			buildPhases = (
				9DB941449D4983D953551C61 /* [CP] Check Pods Manifest.lock */,
				299959711F36945B00647EF7 /* Sources */,
				299959721F36945B00647EF7 /* Frameworks */,
				299959731F36945B00647EF7 /* Resources */,
				AF437E9E2DDC6ADF22CD735F /* [CP] Embed Pods Frameworks */,
				CFEE15238DC78120F3851A07 /* [CP] Copy Pods Resources */,
			);
			buildRules = (
			);
			dependencies = (
			);
			name = SafeHairTransplant;
			productName = SafeHairTransplant;
			productReference = 299959751F36945B00647EF7 /* SafeHairTransplant.app */;
			productType = "com.apple.product-type.application";
		};
		2999598B1F36945B00647EF7 /* SafeHairTransplantTests */ = {
			isa = PBXNativeTarget;
			buildConfigurationList = 299959A31F36945C00647EF7 /* Build configuration list for PBXNativeTarget "SafeHairTransplantTests" */;
			buildPhases = (
				BF3691ADC31AFCF3E252F1D6 /* [CP] Check Pods Manifest.lock */,
				299959881F36945B00647EF7 /* Sources */,
				299959891F36945B00647EF7 /* Frameworks */,
				2999598A1F36945B00647EF7 /* Resources */,
				747BDB663582C6FBDBBC7D5A /* [CP] Embed Pods Frameworks */,
				A8C7969FB03CF910C03625FC /* [CP] Copy Pods Resources */,
			);
			buildRules = (
			);
			dependencies = (
				2999598E1F36945B00647EF7 /* PBXTargetDependency */,
			);
			name = SafeHairTransplantTests;
			productName = SafeHairTransplantTests;
			productReference = 2999598C1F36945B00647EF7 /* SafeHairTransplantTests.xctest */;
			productType = "com.apple.product-type.bundle.unit-test";
		};
		299959961F36945B00647EF7 /* SafeHairTransplantUITests */ = {
			isa = PBXNativeTarget;
			buildConfigurationList = 299959A61F36945C00647EF7 /* Build configuration list for PBXNativeTarget "SafeHairTransplantUITests" */;
			buildPhases = (
				97FB9D563312D05AD36C577C /* [CP] Check Pods Manifest.lock */,
				299959931F36945B00647EF7 /* Sources */,
				299959941F36945B00647EF7 /* Frameworks */,
				299959951F36945B00647EF7 /* Resources */,
				57A1E38FA940C940E890A07E /* [CP] Embed Pods Frameworks */,
				5D48DAD260B2640B1C5CB534 /* [CP] Copy Pods Resources */,
			);
			buildRules = (
			);
			dependencies = (
				299959991F36945B00647EF7 /* PBXTargetDependency */,
			);
			name = SafeHairTransplantUITests;
			productName = SafeHairTransplantUITests;
			productReference = 299959971F36945B00647EF7 /* SafeHairTransplantUITests.xctest */;
			productType = "com.apple.product-type.bundle.ui-testing";
		};
/* End PBXNativeTarget section */

/* Begin PBXProject section */
		2999596D1F36945B00647EF7 /* Project object */ = {
			isa = PBXProject;
			attributes = {
				LastSwiftUpdateCheck = 0830;
				LastUpgradeCheck = 0830;
				ORGANIZATIONNAME = "Niharika Sharma";
				TargetAttributes = {
					299959741F36945B00647EF7 = {
						CreatedOnToolsVersion = 8.3.2;
						DevelopmentTeam = GV4M34B49U;
						ProvisioningStyle = Automatic;
					};
					2999598B1F36945B00647EF7 = {
						CreatedOnToolsVersion = 8.3.2;
						DevelopmentTeam = GV4M34B49U;
						ProvisioningStyle = Automatic;
						TestTargetID = 299959741F36945B00647EF7;
					};
					299959961F36945B00647EF7 = {
						CreatedOnToolsVersion = 8.3.2;
						DevelopmentTeam = GV4M34B49U;
						ProvisioningStyle = Automatic;
						TestTargetID = 299959741F36945B00647EF7;
					};
				};
			};
			buildConfigurationList = 299959701F36945B00647EF7 /* Build configuration list for PBXProject "SafeHairTransplant" */;
			compatibilityVersion = "Xcode 3.2";
			developmentRegion = English;
			hasScannedForEncodings = 0;
			knownRegions = (
				en,
				Base,
			);
			mainGroup = 2999596C1F36945B00647EF7;
			productRefGroup = 299959761F36945B00647EF7 /* Products */;
			projectDirPath = "";
			projectRoot = "";
			targets = (
				299959741F36945B00647EF7 /* SafeHairTransplant */,
				2999598B1F36945B00647EF7 /* SafeHairTransplantTests */,
				299959961F36945B00647EF7 /* SafeHairTransplantUITests */,
			);
		};
/* End PBXProject section */

/* Begin PBXResourcesBuildPhase section */
		299959731F36945B00647EF7 /* Resources */ = {
			isa = PBXResourcesBuildPhase;
			buildActionMask = 2147483647;
			files = (
				299959861F36945B00647EF7 /* LaunchScreen.storyboard in Resources */,
				299959831F36945B00647EF7 /* Assets.xcassets in Resources */,
				2999597E1F36945B00647EF7 /* Main.storyboard in Resources */,
			);
			runOnlyForDeploymentPostprocessing = 0;
		};
		2999598A1F36945B00647EF7 /* Resources */ = {
			isa = PBXResourcesBuildPhase;
			buildActionMask = 2147483647;
			files = (
			);
			runOnlyForDeploymentPostprocessing = 0;
		};
		299959951F36945B00647EF7 /* Resources */ = {
			isa = PBXResourcesBuildPhase;
			buildActionMask = 2147483647;
			files = (
			);
			runOnlyForDeploymentPostprocessing = 0;
		};
/* End PBXResourcesBuildPhase section */

/* Begin PBXShellScriptBuildPhase section */
		57A1E38FA940C940E890A07E /* [CP] Embed Pods Frameworks */ = {
			isa = PBXShellScriptBuildPhase;
			buildActionMask = 2147483647;
			files = (
			);
			inputPaths = (
			);
			name = "[CP] Embed Pods Frameworks";
			outputPaths = (
			);
			runOnlyForDeploymentPostprocessing = 0;
			shellPath = /bin/sh;
			shellScript = "\"${SRCROOT}/Pods/Target Support Files/Pods-SafeHairTransplantUITests/Pods-SafeHairTransplantUITests-frameworks.sh\"\n";
			showEnvVarsInLog = 0;
		};
		5D48DAD260B2640B1C5CB534 /* [CP] Copy Pods Resources */ = {
			isa = PBXShellScriptBuildPhase;
			buildActionMask = 2147483647;
			files = (
			);
			inputPaths = (
			);
			name = "[CP] Copy Pods Resources";
			outputPaths = (
			);
			runOnlyForDeploymentPostprocessing = 0;
			shellPath = /bin/sh;
			shellScript = "\"${SRCROOT}/Pods/Target Support Files/Pods-SafeHairTransplantUITests/Pods-SafeHairTransplantUITests-resources.sh\"\n";
			showEnvVarsInLog = 0;
		};
		747BDB663582C6FBDBBC7D5A /* [CP] Embed Pods Frameworks */ = {
			isa = PBXShellScriptBuildPhase;
			buildActionMask = 2147483647;
			files = (
			);
			inputPaths = (
			);
			name = "[CP] Embed Pods Frameworks";
			outputPaths = (
			);
			runOnlyForDeploymentPostprocessing = 0;
			shellPath = /bin/sh;
			shellScript = "\"${SRCROOT}/Pods/Target Support Files/Pods-SafeHairTransplantTests/Pods-SafeHairTransplantTests-frameworks.sh\"\n";
			showEnvVarsInLog = 0;
		};
		97FB9D563312D05AD36C577C /* [CP] Check Pods Manifest.lock */ = {
			isa = PBXShellScriptBuildPhase;
			buildActionMask = 2147483647;
			files = (
			);
			inputPaths = (
			);
			name = "[CP] Check Pods Manifest.lock";
			outputPaths = (
			);
			runOnlyForDeploymentPostprocessing = 0;
			shellPath = /bin/sh;
			shellScript = "diff \"${PODS_PODFILE_DIR_PATH}/Podfile.lock\" \"${PODS_ROOT}/Manifest.lock\" > /dev/null\nif [ $? != 0 ] ; then\n    # print error to STDERR\n    echo \"error: The sandbox is not in sync with the Podfile.lock. Run 'pod install' or update your CocoaPods installation.\" >&2\n    exit 1\nfi\n";
			showEnvVarsInLog = 0;
		};
		9DB941449D4983D953551C61 /* [CP] Check Pods Manifest.lock */ = {
			isa = PBXShellScriptBuildPhase;
			buildActionMask = 2147483647;
			files = (
			);
			inputPaths = (
			);
			name = "[CP] Check Pods Manifest.lock";
			outputPaths = (
			);
			runOnlyForDeploymentPostprocessing = 0;
			shellPath = /bin/sh;
			shellScript = "diff \"${PODS_PODFILE_DIR_PATH}/Podfile.lock\" \"${PODS_ROOT}/Manifest.lock\" > /dev/null\nif [ $? != 0 ] ; then\n    # print error to STDERR\n    echo \"error: The sandbox is not in sync with the Podfile.lock. Run 'pod install' or update your CocoaPods installation.\" >&2\n    exit 1\nfi\n";
			showEnvVarsInLog = 0;
		};
		A8C7969FB03CF910C03625FC /* [CP] Copy Pods Resources */ = {
			isa = PBXShellScriptBuildPhase;
			buildActionMask = 2147483647;
			files = (
			);
			inputPaths = (
			);
			name = "[CP] Copy Pods Resources";
			outputPaths = (
			);
			runOnlyForDeploymentPostprocessing = 0;
			shellPath = /bin/sh;
			shellScript = "\"${SRCROOT}/Pods/Target Support Files/Pods-SafeHairTransplantTests/Pods-SafeHairTransplantTests-resources.sh\"\n";
			showEnvVarsInLog = 0;
		};
		AF437E9E2DDC6ADF22CD735F /* [CP] Embed Pods Frameworks */ = {
			isa = PBXShellScriptBuildPhase;
			buildActionMask = 2147483647;
			files = (
			);
			inputPaths = (
			);
			name = "[CP] Embed Pods Frameworks";
			outputPaths = (
			);
			runOnlyForDeploymentPostprocessing = 0;
			shellPath = /bin/sh;
			shellScript = "\"${SRCROOT}/Pods/Target Support Files/Pods-SafeHairTransplant/Pods-SafeHairTransplant-frameworks.sh\"\n";
			showEnvVarsInLog = 0;
		};
		BF3691ADC31AFCF3E252F1D6 /* [CP] Check Pods Manifest.lock */ = {
			isa = PBXShellScriptBuildPhase;
			buildActionMask = 2147483647;
			files = (
			);
			inputPaths = (
			);
			name = "[CP] Check Pods Manifest.lock";
			outputPaths = (
			);
			runOnlyForDeploymentPostprocessing = 0;
			shellPath = /bin/sh;
			shellScript = "diff \"${PODS_PODFILE_DIR_PATH}/Podfile.lock\" \"${PODS_ROOT}/Manifest.lock\" > /dev/null\nif [ $? != 0 ] ; then\n    # print error to STDERR\n    echo \"error: The sandbox is not in sync with the Podfile.lock. Run 'pod install' or update your CocoaPods installation.\" >&2\n    exit 1\nfi\n";
			showEnvVarsInLog = 0;
		};
		CFEE15238DC78120F3851A07 /* [CP] Copy Pods Resources */ = {
			isa = PBXShellScriptBuildPhase;
			buildActionMask = 2147483647;
			files = (
			);
			inputPaths = (
			);
			name = "[CP] Copy Pods Resources";
			outputPaths = (
			);
			runOnlyForDeploymentPostprocessing = 0;
			shellPath = /bin/sh;
			shellScript = "\"${SRCROOT}/Pods/Target Support Files/Pods-SafeHairTransplant/Pods-SafeHairTransplant-resources.sh\"\n";
			showEnvVarsInLog = 0;
		};
/* End PBXShellScriptBuildPhase section */

/* Begin PBXSourcesBuildPhase section */
		299959711F36945B00647EF7 /* Sources */ = {
			isa = PBXSourcesBuildPhase;
			buildActionMask = 2147483647;
			files = (
				299959AE1F36AAAD00647EF7 /* Constants.swift in Sources */,
				299959AB1F36A42000647EF7 /* SafeHair.swift in Sources */,
				299959811F36945B00647EF7 /* SafeHairTransplant.xcdatamodeld in Sources */,
				2999597B1F36945B00647EF7 /* ViewController.swift in Sources */,
				299959791F36945B00647EF7 /* AppDelegate.swift in Sources */,
			);
			runOnlyForDeploymentPostprocessing = 0;
		};
		299959881F36945B00647EF7 /* Sources */ = {
			isa = PBXSourcesBuildPhase;
			buildActionMask = 2147483647;
			files = (
				299959911F36945B00647EF7 /* SafeHairTransplantTests.swift in Sources */,
			);
			runOnlyForDeploymentPostprocessing = 0;
		};
		299959931F36945B00647EF7 /* Sources */ = {
			isa = PBXSourcesBuildPhase;
			buildActionMask = 2147483647;
			files = (
				2999599C1F36945B00647EF7 /* SafeHairTransplantUITests.swift in Sources */,
			);
			runOnlyForDeploymentPostprocessing = 0;
		};
/* End PBXSourcesBuildPhase section */

/* Begin PBXTargetDependency section */
		2999598E1F36945B00647EF7 /* PBXTargetDependency */ = {
			isa = PBXTargetDependency;
			target = 299959741F36945B00647EF7 /* SafeHairTransplant */;
			targetProxy = 2999598D1F36945B00647EF7 /* PBXContainerItemProxy */;
		};
		299959991F36945B00647EF7 /* PBXTargetDependency */ = {
			isa = PBXTargetDependency;
			target = 299959741F36945B00647EF7 /* SafeHairTransplant */;
			targetProxy = 299959981F36945B00647EF7 /* PBXContainerItemProxy */;
		};
/* End PBXTargetDependency section */

/* Begin PBXVariantGroup section */
		2999597C1F36945B00647EF7 /* Main.storyboard */ = {
			isa = PBXVariantGroup;
			children = (
				2999597D1F36945B00647EF7 /* Base */,
			);
			name = Main.storyboard;
			sourceTree = "<group>";
		};
		299959841F36945B00647EF7 /* LaunchScreen.storyboard */ = {
			isa = PBXVariantGroup;
			children = (
				299959851F36945B00647EF7 /* Base */,
			);
			name = LaunchScreen.storyboard;
			sourceTree = "<group>";
		};
/* End PBXVariantGroup section */

/* Begin XCBuildConfiguration section */
		2999599E1F36945B00647EF7 /* Debug */ = {
			isa = XCBuildConfiguration;
			buildSettings = {
				ALWAYS_SEARCH_USER_PATHS = NO;
				CLANG_ANALYZER_NONNULL = YES;
				CLANG_ANALYZER_NUMBER_OBJECT_CONVERSION = YES_AGGRESSIVE;
				CLANG_CXX_LANGUAGE_STANDARD = "gnu++0x";
				CLANG_CXX_LIBRARY = "libc++";
				CLANG_ENABLE_MODULES = YES;
				CLANG_ENABLE_OBJC_ARC = YES;
				CLANG_WARN_BOOL_CONVERSION = YES;
				CLANG_WARN_CONSTANT_CONVERSION = YES;
				CLANG_WARN_DIRECT_OBJC_ISA_USAGE = YES_ERROR;
				CLANG_WARN_DOCUMENTATION_COMMENTS = YES;
				CLANG_WARN_EMPTY_BODY = YES;
				CLANG_WARN_ENUM_CONVERSION = YES;
				CLANG_WARN_INFINITE_RECURSION = YES;
				CLANG_WARN_INT_CONVERSION = YES;
				CLANG_WARN_OBJC_ROOT_CLASS = YES_ERROR;
				CLANG_WARN_SUSPICIOUS_MOVE = YES;
				CLANG_WARN_UNREACHABLE_CODE = YES;
				CLANG_WARN__DUPLICATE_METHOD_MATCH = YES;
				"CODE_SIGN_IDENTITY[sdk=iphoneos*]" = "iPhone Developer";
				COPY_PHASE_STRIP = NO;
				DEBUG_INFORMATION_FORMAT = dwarf;
				ENABLE_STRICT_OBJC_MSGSEND = YES;
				ENABLE_TESTABILITY = YES;
				GCC_C_LANGUAGE_STANDARD = gnu99;
				GCC_DYNAMIC_NO_PIC = NO;
				GCC_NO_COMMON_BLOCKS = YES;
				GCC_OPTIMIZATION_LEVEL = 0;
				GCC_PREPROCESSOR_DEFINITIONS = (
					"DEBUG=1",
					"$(inherited)",
				);
				GCC_WARN_64_TO_32_BIT_CONVERSION = YES;
				GCC_WARN_ABOUT_RETURN_TYPE = YES_ERROR;
				GCC_WARN_UNDECLARED_SELECTOR = YES;
				GCC_WARN_UNINITIALIZED_AUTOS = YES_AGGRESSIVE;
				GCC_WARN_UNUSED_FUNCTION = YES;
				GCC_WARN_UNUSED_VARIABLE = YES;
				IPHONEOS_DEPLOYMENT_TARGET = 10.3;
				MTL_ENABLE_DEBUG_INFO = YES;
				ONLY_ACTIVE_ARCH = YES;
				SDKROOT = iphoneos;
				SWIFT_ACTIVE_COMPILATION_CONDITIONS = DEBUG;
				SWIFT_OPTIMIZATION_LEVEL = "-Onone";
			};
			name = Debug;
		};
		2999599F1F36945B00647EF7 /* Release */ = {
			isa = XCBuildConfiguration;
			buildSettings = {
				ALWAYS_SEARCH_USER_PATHS = NO;
				CLANG_ANALYZER_NONNULL = YES;
				CLANG_ANALYZER_NUMBER_OBJECT_CONVERSION = YES_AGGRESSIVE;
				CLANG_CXX_LANGUAGE_STANDARD = "gnu++0x";
				CLANG_CXX_LIBRARY = "libc++";
				CLANG_ENABLE_MODULES = YES;
				CLANG_ENABLE_OBJC_ARC = YES;
				CLANG_WARN_BOOL_CONVERSION = YES;
				CLANG_WARN_CONSTANT_CONVERSION = YES;
				CLANG_WARN_DIRECT_OBJC_ISA_USAGE = YES_ERROR;
				CLANG_WARN_DOCUMENTATION_COMMENTS = YES;
				CLANG_WARN_EMPTY_BODY = YES;
				CLANG_WARN_ENUM_CONVERSION = YES;
				CLANG_WARN_INFINITE_RECURSION = YES;
				CLANG_WARN_INT_CONVERSION = YES;
				CLANG_WARN_OBJC_ROOT_CLASS = YES_ERROR;
				CLANG_WARN_SUSPICIOUS_MOVE = YES;
				CLANG_WARN_UNREACHABLE_CODE = YES;
				CLANG_WARN__DUPLICATE_METHOD_MATCH = YES;
				"CODE_SIGN_IDENTITY[sdk=iphoneos*]" = "iPhone Developer";
				COPY_PHASE_STRIP = NO;
				DEBUG_INFORMATION_FORMAT = "dwarf-with-dsym";
				ENABLE_NS_ASSERTIONS = NO;
				ENABLE_STRICT_OBJC_MSGSEND = YES;
				GCC_C_LANGUAGE_STANDARD = gnu99;
				GCC_NO_COMMON_BLOCKS = YES;
				GCC_WARN_64_TO_32_BIT_CONVERSION = YES;
				GCC_WARN_ABOUT_RETURN_TYPE = YES_ERROR;
				GCC_WARN_UNDECLARED_SELECTOR = YES;
				GCC_WARN_UNINITIALIZED_AUTOS = YES_AGGRESSIVE;
				GCC_WARN_UNUSED_FUNCTION = YES;
				GCC_WARN_UNUSED_VARIABLE = YES;
				IPHONEOS_DEPLOYMENT_TARGET = 10.3;
				MTL_ENABLE_DEBUG_INFO = NO;
				SDKROOT = iphoneos;
				SWIFT_OPTIMIZATION_LEVEL = "-Owholemodule";
				VALIDATE_PRODUCT = YES;
			};
			name = Release;
		};
		299959A11F36945B00647EF7 /* Debug */ = {
			isa = XCBuildConfiguration;
			baseConfigurationReference = EE32F0BC49D903D7905A72EA /* Pods-SafeHairTransplant.debug.xcconfig */;
			buildSettings = {
				ASSETCATALOG_COMPILER_APPICON_NAME = AppIcon;
				DEVELOPMENT_TEAM = GV4M34B49U;
				INFOPLIST_FILE = SafeHairTransplant/Info.plist;
				LD_RUNPATH_SEARCH_PATHS = "$(inherited) @executable_path/Frameworks";
				PRODUCT_BUNDLE_IDENTIFIER = com.Niharika.SafeHairTransplant;
				PRODUCT_NAME = "$(TARGET_NAME)";
				SWIFT_VERSION = 3.0;
			};
			name = Debug;
		};
		299959A21F36945B00647EF7 /* Release */ = {
			isa = XCBuildConfiguration;
			baseConfigurationReference = 31B9D7471F05D5DDEE541A2D /* Pods-SafeHairTransplant.release.xcconfig */;
			buildSettings = {
				ASSETCATALOG_COMPILER_APPICON_NAME = AppIcon;
				DEVELOPMENT_TEAM = GV4M34B49U;
				INFOPLIST_FILE = SafeHairTransplant/Info.plist;
				LD_RUNPATH_SEARCH_PATHS = "$(inherited) @executable_path/Frameworks";
				PRODUCT_BUNDLE_IDENTIFIER = com.Niharika.SafeHairTransplant;
				PRODUCT_NAME = "$(TARGET_NAME)";
				SWIFT_VERSION = 3.0;
			};
			name = Release;
		};
		299959A41F36945C00647EF7 /* Debug */ = {
			isa = XCBuildConfiguration;
			baseConfigurationReference = BCCCEDA9F1B9D43CDD54A3EC /* Pods-SafeHairTransplantTests.debug.xcconfig */;
			buildSettings = {
				ALWAYS_EMBED_SWIFT_STANDARD_LIBRARIES = YES;
				BUNDLE_LOADER = "$(TEST_HOST)";
				DEVELOPMENT_TEAM = GV4M34B49U;
				INFOPLIST_FILE = SafeHairTransplantTests/Info.plist;
				LD_RUNPATH_SEARCH_PATHS = "$(inherited) @executable_path/Frameworks @loader_path/Frameworks";
				PRODUCT_BUNDLE_IDENTIFIER = com.Niharika.SafeHairTransplantTests;
				PRODUCT_NAME = "$(TARGET_NAME)";
				SWIFT_VERSION = 3.0;
				TEST_HOST = "$(BUILT_PRODUCTS_DIR)/SafeHairTransplant.app/SafeHairTransplant";
			};
			name = Debug;
		};
		299959A51F36945C00647EF7 /* Release */ = {
			isa = XCBuildConfiguration;
			baseConfigurationReference = 4F310280060A23AC287B2273 /* Pods-SafeHairTransplantTests.release.xcconfig */;
			buildSettings = {
				ALWAYS_EMBED_SWIFT_STANDARD_LIBRARIES = YES;
				BUNDLE_LOADER = "$(TEST_HOST)";
				DEVELOPMENT_TEAM = GV4M34B49U;
				INFOPLIST_FILE = SafeHairTransplantTests/Info.plist;
				LD_RUNPATH_SEARCH_PATHS = "$(inherited) @executable_path/Frameworks @loader_path/Frameworks";
				PRODUCT_BUNDLE_IDENTIFIER = com.Niharika.SafeHairTransplantTests;
				PRODUCT_NAME = "$(TARGET_NAME)";
				SWIFT_VERSION = 3.0;
				TEST_HOST = "$(BUILT_PRODUCTS_DIR)/SafeHairTransplant.app/SafeHairTransplant";
			};
			name = Release;
		};
		299959A71F36945C00647EF7 /* Debug */ = {
			isa = XCBuildConfiguration;
			baseConfigurationReference = 1B1C7F0E1BD2EC2A78B17448 /* Pods-SafeHairTransplantUITests.debug.xcconfig */;
			buildSettings = {
				ALWAYS_EMBED_SWIFT_STANDARD_LIBRARIES = YES;
				DEVELOPMENT_TEAM = GV4M34B49U;
				INFOPLIST_FILE = SafeHairTransplantUITests/Info.plist;
				LD_RUNPATH_SEARCH_PATHS = "$(inherited) @executable_path/Frameworks @loader_path/Frameworks";
				PRODUCT_BUNDLE_IDENTIFIER = com.Niharika.SafeHairTransplantUITests;
				PRODUCT_NAME = "$(TARGET_NAME)";
				SWIFT_VERSION = 3.0;
				TEST_TARGET_NAME = SafeHairTransplant;
			};
			name = Debug;
		};
		299959A81F36945C00647EF7 /* Release */ = {
			isa = XCBuildConfiguration;
			baseConfigurationReference = 633D7702338C3C59A62D8635 /* Pods-SafeHairTransplantUITests.release.xcconfig */;
			buildSettings = {
				ALWAYS_EMBED_SWIFT_STANDARD_LIBRARIES = YES;
				DEVELOPMENT_TEAM = GV4M34B49U;
				INFOPLIST_FILE = SafeHairTransplantUITests/Info.plist;
				LD_RUNPATH_SEARCH_PATHS = "$(inherited) @executable_path/Frameworks @loader_path/Frameworks";
				PRODUCT_BUNDLE_IDENTIFIER = com.Niharika.SafeHairTransplantUITests;
				PRODUCT_NAME = "$(TARGET_NAME)";
				SWIFT_VERSION = 3.0;
				TEST_TARGET_NAME = SafeHairTransplant;
			};
			name = Release;
		};
/* End XCBuildConfiguration section */

/* Begin XCConfigurationList section */
		299959701F36945B00647EF7 /* Build configuration list for PBXProject "SafeHairTransplant" */ = {
			isa = XCConfigurationList;
			buildConfigurations = (
				2999599E1F36945B00647EF7 /* Debug */,
				2999599F1F36945B00647EF7 /* Release */,
			);
			defaultConfigurationIsVisible = 0;
			defaultConfigurationName = Release;
		};
		299959A01F36945B00647EF7 /* Build configuration list for PBXNativeTarget "SafeHairTransplant" */ = {
			isa = XCConfigurationList;
			buildConfigurations = (
				299959A11F36945B00647EF7 /* Debug */,
				299959A21F36945B00647EF7 /* Release */,
			);
			defaultConfigurationIsVisible = 0;
			defaultConfigurationName = Release;
		};
		299959A31F36945C00647EF7 /* Build configuration list for PBXNativeTarget "SafeHairTransplantTests" */ = {
			isa = XCConfigurationList;
			buildConfigurations = (
				299959A41F36945C00647EF7 /* Debug */,
				299959A51F36945C00647EF7 /* Release */,
			);
			defaultConfigurationIsVisible = 0;
			defaultConfigurationName = Release;
		};
		299959A61F36945C00647EF7 /* Build configuration list for PBXNativeTarget "SafeHairTransplantUITests" */ = {
			isa = XCConfigurationList;
			buildConfigurations = (
				299959A71F36945C00647EF7 /* Debug */,
				299959A81F36945C00647EF7 /* Release */,
			);
			defaultConfigurationIsVisible = 0;
			defaultConfigurationName = Release;
		};
/* End XCConfigurationList section */

/* Begin XCVersionGroup section */
		2999597F1F36945B00647EF7 /* SafeHairTransplant.xcdatamodeld */ = {
			isa = XCVersionGroup;
			children = (
				299959801F36945B00647EF7 /* SafeHairTransplant.xcdatamodel */,
			);
			currentVersion = 299959801F36945B00647EF7 /* SafeHairTransplant.xcdatamodel */;
			path = SafeHairTransplant.xcdatamodeld;
			sourceTree = "<group>";
			versionGroupType = wrapper.xcdatamodel;
		};
/* End XCVersionGroup section */
	};
	rootObject = 2999596D1F36945B00647EF7 /* Project object */;
}
